
Microsoft Visual Studio Solution File, Format Version 12.00
# Visual Studio Version 17
VisualStudioVersion = 17.11.35327.3
MinimumVisualStudioVersion = 10.0.40219.1
Project("{FAE04EC0-301F-11D3-BF4B-00C04F79EFBC}") = "WebPruebaAfecor", "WebPruebaAfecor\WebPruebaAfecor.csproj", "{6788C1A9-4523-482A-A490-62CAC7582155}"
EndProject
Global
	GlobalSection(SolutionConfigurationPlatforms) = preSolution
		Debug|Any CPU = Debug|Any CPU
		Release|Any CPU = Release|Any CPU
	EndGlobalSection
	GlobalSection(ProjectConfigurationPlatforms) = postSolution
		{6788C1A9-4523-482A-A490-62CAC7582155}.Debug|Any CPU.ActiveCfg = Debug|Any CPU
		{6788C1A9-4523-482A-A490-62CAC7582155}.Debug|Any CPU.Build.0 = Debug|Any CPU
		{6788C1A9-4523-482A-A490-62CAC7582155}.Release|Any CPU.ActiveCfg = Release|Any CPU
		{6788C1A9-4523-482A-A490-62CAC7582155}.Release|Any CPU.Build.0 = Release|Any CPU
	EndGlobalSection
	GlobalSection(SolutionProperties) = preSolution
		HideSolutionNode = FALSE
	EndGlobalSection
	GlobalSection(ExtensibilityGlobals) = postSolution
		SolutionGuid = {7226D1A5-519D-4E82-838A-A9CF59E806F8}
	EndGlobalSection
EndGlobal
